
Microsoft Visual Studio Solution File, Format Version 12.00
# Visual Studio Version 17
VisualStudioVersion = 17.6.33801.468
MinimumVisualStudioVersion = 10.0.40219.1
Project("{9A19103F-16F7-4668-BE54-9A1E7A4F7556}") = "CSharpExam", "CSharpExam\CSharpExam.csproj", "{839710A0-DFC2-4D8D-9FDF-B13B57AB60BB}"
EndProject
Project("{FAE04EC0-301F-11D3-BF4B-00C04F79EFBC}") = "DataAccess", "DataAccess\DataAccess.csproj", "{49C3719A-0D78-40C3-BB07-40E8901241A1}"
EndProject
Global
	GlobalSection(SolutionConfigurationPlatforms) = preSolution
		Debug|Any CPU = Debug|Any CPU
		Release|Any CPU = Release|Any CPU
	EndGlobalSection
	GlobalSection(ProjectConfigurationPlatforms) = postSolution
		{839710A0-DFC2-4D8D-9FDF-B13B57AB60BB}.Debug|Any CPU.ActiveCfg = Debug|Any CPU
		{839710A0-DFC2-4D8D-9FDF-B13B57AB60BB}.Debug|Any CPU.Build.0 = Debug|Any CPU
		{839710A0-DFC2-4D8D-9FDF-B13B57AB60BB}.Release|Any CPU.ActiveCfg = Release|Any CPU
		{839710A0-DFC2-4D8D-9FDF-B13B57AB60BB}.Release|Any CPU.Build.0 = Release|Any CPU
		{49C3719A-0D78-40C3-BB07-40E8901241A1}.Debug|Any CPU.ActiveCfg = Debug|Any CPU
		{49C3719A-0D78-40C3-BB07-40E8901241A1}.Debug|Any CPU.Build.0 = Debug|Any CPU
		{49C3719A-0D78-40C3-BB07-40E8901241A1}.Release|Any CPU.ActiveCfg = Release|Any CPU
		{49C3719A-0D78-40C3-BB07-40E8901241A1}.Release|Any CPU.Build.0 = Release|Any CPU
	EndGlobalSection
	GlobalSection(SolutionProperties) = preSolution
		HideSolutionNode = FALSE
	EndGlobalSection
	GlobalSection(ExtensibilityGlobals) = postSolution
		SolutionGuid = {5DF37E6C-2391-443F-B01E-5476017E2F8D}
	EndGlobalSection
EndGlobal
